PODS:
  - couchbase_lite (0.0.1):
    - CouchbaseLite-Swift (~> 2.7.0)
    - Flutter
  - CouchbaseLite-Swift (2.7.0)
  - Flutter (1.0.0)
  - package_info (0.0.1):
    - Flutter
  - url_launcher (0.0.1):
    - Flutter
  - url_launcher_macos (0.0.1):
    - Flutter
  - url_launcher_web (0.0.1):
    - Flutter

DEPENDENCIES:
  - couchbase_lite (from `.symlinks/plugins/couchbase_lite/ios`)
  - Flutter (from `Flutter`)
  - package_info (from `.symlinks/plugins/package_info/ios`)
  - url_launcher (from `.symlinks/plugins/url_launcher/ios`)
  - url_launcher_macos (from `.symlinks/plugins/url_launcher_macos/ios`)
  - url_launcher_web (from `.symlinks/plugins/url_launcher_web/ios`)

SPEC REPOS:
  trunk:
    - CouchbaseLite-Swift

EXTERNAL SOURCES:
  couchbase_lite:
    :path: ".symlinks/plugins/couchbase_lite/ios"
  Flutter:
    :path: Flutter
  package_info:
    :path: ".symlinks/plugins/package_info/ios"
  url_launcher:
    :path: ".symlinks/plugins/url_launcher/ios"
  url_launcher_macos:
    :path: ".symlinks/plugins/url_launcher_macos/ios"
  url_launcher_web:
    :path: ".symlinks/plugins/url_launcher_web/ios"

SPEC CHECKSUMS:
  couchbase_lite: 1e52b370772d124e99600ffacb9adbc30383d8b4
  CouchbaseLite-Swift: fc942af766946a7b1efbee2cc9b72ae04ec632e1
  Flutter: 0e3d915762c693b495b44d77113d4970485de6ec
  package_info: 48b108e75b8802c2d5e126f208ef540561c98aef
  url_launcher: a1c0cc845906122c4784c542523d8cacbded5626
  url_launcher_macos: fd7894421cd39320dce5f292fc99ea9270b2a313
  url_launcher_web: e5527357f037c87560776e36436bf2b0288b965c

PODFILE CHECKSUM: 1b66dae606f75376c5f2135a8290850eeb09ae83

COCOAPODS: 1.9.1
